
Microsoft Visual Studio Solution File, Format Version 12.00
# Visual Studio Version 17
VisualStudioVersion = 17.14.36616.10
MinimumVisualStudioVersion = 10.0.40219.1
Project("{2150E333-8FDC-42A3-9474-1A3956D46DE8}") = "tests", "tests", "{02EA681E-C7D8-13C7-8484-4AC65E1B71E8}"
EndProject
Project("{2150E333-8FDC-42A3-9474-1A3956D46DE8}") = "src", "src", "{9DCBEBCC-27C7-43FB-8734-7C6BC92009D1}"
EndProject
Project("{FAE04EC0-301F-11D3-BF4B-00C04F79EFBC}") = "IM.EventStore.Tests", "tests\IM.EventStore.Tests\IM.EventStore.Tests.csproj", "{A29954EA-2A0B-40C3-255E-421D3C76D96D}"
EndProject
Project("{FAE04EC0-301F-11D3-BF4B-00C04F79EFBC}") = "IM.EventStore", "src\IM.EventStore\IM.EventStore.csproj", "{67852B0A-D728-8F09-96CB-C03E8A3AAF81}"
EndProject
Project("{FAE04EC0-301F-11D3-BF4B-00C04F79EFBC}") = "IM.EventStore.CloudEvents", "src\IM.EventStore.CloudEvents\IM.EventStore.CloudEvents.csproj", "{BBEC200C-A945-0F55-4EA0-DA93F123037C}"
EndProject
Project("{FAE04EC0-301F-11D3-BF4B-00C04F79EFBC}") = "IM.EventStore.EventGrid", "src\IM.EventStore.EventGrid\IM.EventStore.EventGrid.csproj", "{5C432B63-17EF-6484-EBD2-75F135F2A6E9}"
EndProject
Project("{FAE04EC0-301F-11D3-BF4B-00C04F79EFBC}") = "IM.EventStore.MassTransit", "src\IM.EventStore.MassTransit\IM.EventStore.MassTransit.csproj", "{6854491C-0354-9BD9-48B1-FC69B98B7BF4}"
EndProject
Global
	GlobalSection(SolutionConfigurationPlatforms) = preSolution
		Debug|Any CPU = Debug|Any CPU
		Release|Any CPU = Release|Any CPU
	EndGlobalSection
	GlobalSection(ProjectConfigurationPlatforms) = postSolution
		{A29954EA-2A0B-40C3-255E-421D3C76D96D}.Debug|Any CPU.ActiveCfg = Debug|Any CPU
		{A29954EA-2A0B-40C3-255E-421D3C76D96D}.Debug|Any CPU.Build.0 = Debug|Any CPU
		{A29954EA-2A0B-40C3-255E-421D3C76D96D}.Release|Any CPU.ActiveCfg = Release|Any CPU
		{A29954EA-2A0B-40C3-255E-421D3C76D96D}.Release|Any CPU.Build.0 = Release|Any CPU
		{67852B0A-D728-8F09-96CB-C03E8A3AAF81}.Debug|Any CPU.ActiveCfg = Debug|Any CPU
		{67852B0A-D728-8F09-96CB-C03E8A3AAF81}.Debug|Any CPU.Build.0 = Debug|Any CPU
		{67852B0A-D728-8F09-96CB-C03E8A3AAF81}.Release|Any CPU.ActiveCfg = Release|Any CPU
		{67852B0A-D728-8F09-96CB-C03E8A3AAF81}.Release|Any CPU.Build.0 = Release|Any CPU
		{BBEC200C-A945-0F55-4EA0-DA93F123037C}.Debug|Any CPU.ActiveCfg = Debug|Any CPU
		{BBEC200C-A945-0F55-4EA0-DA93F123037C}.Debug|Any CPU.Build.0 = Debug|Any CPU
		{BBEC200C-A945-0F55-4EA0-DA93F123037C}.Release|Any CPU.ActiveCfg = Release|Any CPU
		{BBEC200C-A945-0F55-4EA0-DA93F123037C}.Release|Any CPU.Build.0 = Release|Any CPU
		{5C432B63-17EF-6484-EBD2-75F135F2A6E9}.Debug|Any CPU.ActiveCfg = Debug|Any CPU
		{5C432B63-17EF-6484-EBD2-75F135F2A6E9}.Debug|Any CPU.Build.0 = Debug|Any CPU
		{5C432B63-17EF-6484-EBD2-75F135F2A6E9}.Release|Any CPU.ActiveCfg = Release|Any CPU
		{5C432B63-17EF-6484-EBD2-75F135F2A6E9}.Release|Any CPU.Build.0 = Release|Any CPU
		{6854491C-0354-9BD9-48B1-FC69B98B7BF4}.Debug|Any CPU.ActiveCfg = Debug|Any CPU
		{6854491C-0354-9BD9-48B1-FC69B98B7BF4}.Debug|Any CPU.Build.0 = Debug|Any CPU
		{6854491C-0354-9BD9-48B1-FC69B98B7BF4}.Release|Any CPU.ActiveCfg = Release|Any CPU
		{6854491C-0354-9BD9-48B1-FC69B98B7BF4}.Release|Any CPU.Build.0 = Release|Any CPU
	EndGlobalSection
	GlobalSection(SolutionProperties) = preSolution
		HideSolutionNode = FALSE
	EndGlobalSection
	GlobalSection(NestedProjects) = preSolution
		{A29954EA-2A0B-40C3-255E-421D3C76D96D} = {02EA681E-C7D8-13C7-8484-4AC65E1B71E8}
		{67852B0A-D728-8F09-96CB-C03E8A3AAF81} = {9DCBEBCC-27C7-43FB-8734-7C6BC92009D1}
		{BBEC200C-A945-0F55-4EA0-DA93F123037C} = {9DCBEBCC-27C7-43FB-8734-7C6BC92009D1}
		{5C432B63-17EF-6484-EBD2-75F135F2A6E9} = {9DCBEBCC-27C7-43FB-8734-7C6BC92009D1}
		{6854491C-0354-9BD9-48B1-FC69B98B7BF4} = {9DCBEBCC-27C7-43FB-8734-7C6BC92009D1}
	EndGlobalSection
	GlobalSection(ExtensibilityGlobals) = postSolution
		SolutionGuid = {0D6AF021-AA65-4366-A83C-06AC0BCE4FCC}
	EndGlobalSection
EndGlobal
